{
  "object": {
    "pins": [
      {
        "package": "SwiftUICatalog",
        "repositoryURL": "git@github.com:chocoyama/SwiftUICatalog.git",
        "state": {
          "branch": null,
          "revision": "2efeadff86f2da200ce33bcd43c37eb2b6e6b9ea",
          "version": "1.0.1"
        }
      }
    ]
  },
  "version": 1
}
